
Microsoft Visual Studio Solution File, Format Version 12.00
# Visual Studio Version 17
VisualStudioVersion = 17.7.34024.191
MinimumVisualStudioVersion = 10.0.40219.1
Project("{FAE04EC0-301F-11D3-BF4B-00C04F79EFBC}") = "BTL_.NET", "BTL_.NET\BTL_.NET.csproj", "{6D5727FD-6AF1-433D-8190-D5E9BDBB90C2}"
EndProject
Global
	GlobalSection(SolutionConfigurationPlatforms) = preSolution
		Debug|Any CPU = Debug|Any CPU
		Release|Any CPU = Release|Any CPU
	EndGlobalSection
	GlobalSection(ProjectConfigurationPlatforms) = postSolution
		{6D5727FD-6AF1-433D-8190-D5E9BDBB90C2}.Debug|Any CPU.ActiveCfg = Debug|Any CPU
		{6D5727FD-6AF1-433D-8190-D5E9BDBB90C2}.Debug|Any CPU.Build.0 = Debug|Any CPU
		{6D5727FD-6AF1-433D-8190-D5E9BDBB90C2}.Release|Any CPU.ActiveCfg = Release|Any CPU
		{6D5727FD-6AF1-433D-8190-D5E9BDBB90C2}.Release|Any CPU.Build.0 = Release|Any CPU
	EndGlobalSection
	GlobalSection(SolutionProperties) = preSolution
		HideSolutionNode = FALSE
	EndGlobalSection
	GlobalSection(ExtensibilityGlobals) = postSolution
		SolutionGuid = {5A4DAD20-4347-476B-9E6F-58F0A40A979C}
	EndGlobalSection
EndGlobal
